FORGE
  remote: https://forgeapi.puppetlabs.com
  specs:
    puppetlabs-stdlib (4.5.1)

GIT
  remote: https://github.com/maestrodev/puppet-wget.git
  ref: v1.5.7
  sha: 562b605edf7cc744ddae6e9aac8c2289773ad934
  specs:
    maestrodev-wget (1.5.7)

DEPENDENCIES
  maestrodev-wget (>= 0)
  puppetlabs-stdlib (>= 0)



